
Microsoft Visual Studio Solution File, Format Version 12.00
# Visual Studio Version 16
VisualStudioVersion = 16.0.30011.22
MinimumVisualStudioVersion = 10.0.40219.1
Project("{FAE04EC0-301F-11D3-BF4B-00C04F79EFBC}") = "WebCrawler", "WebCrawler\WebCrawler.csproj", "{325D9AEB-2B90-4F86-A801-3BEBD0CF886C}"
EndProject
Project("{FAE04EC0-301F-11D3-BF4B-00C04F79EFBC}") = "CrawlerGUI", "CrawlerGUI\CrawlerGUI.csproj", "{4A381D3D-BB3A-4EC7-BC39-76C2CEAE1A91}"
	ProjectSection(ProjectDependencies) = postProject
		{325D9AEB-2B90-4F86-A801-3BEBD0CF886C} = {325D9AEB-2B90-4F86-A801-3BEBD0CF886C}
	EndProjectSection
EndProject
Global
	GlobalSection(SolutionConfigurationPlatforms) = preSolution
		Debug|Any CPU = Debug|Any CPU
		Release|Any CPU = Release|Any CPU
	EndGlobalSection
	GlobalSection(ProjectConfigurationPlatforms) = postSolution
		{325D9AEB-2B90-4F86-A801-3BEBD0CF886C}.Debug|Any CPU.ActiveCfg = Debug|Any CPU
		{325D9AEB-2B90-4F86-A801-3BEBD0CF886C}.Debug|Any CPU.Build.0 = Debug|Any CPU
		{325D9AEB-2B90-4F86-A801-3BEBD0CF886C}.Release|Any CPU.ActiveCfg = Release|Any CPU
		{325D9AEB-2B90-4F86-A801-3BEBD0CF886C}.Release|Any CPU.Build.0 = Release|Any CPU
		{4A381D3D-BB3A-4EC7-BC39-76C2CEAE1A91}.Debug|Any CPU.ActiveCfg = Debug|Any CPU
		{4A381D3D-BB3A-4EC7-BC39-76C2CEAE1A91}.Debug|Any CPU.Build.0 = Debug|Any CPU
		{4A381D3D-BB3A-4EC7-BC39-76C2CEAE1A91}.Release|Any CPU.ActiveCfg = Release|Any CPU
		{4A381D3D-BB3A-4EC7-BC39-76C2CEAE1A91}.Release|Any CPU.Build.0 = Release|Any CPU
	EndGlobalSection
	GlobalSection(SolutionProperties) = preSolution
		HideSolutionNode = FALSE
	EndGlobalSection
	GlobalSection(ExtensibilityGlobals) = postSolution
		SolutionGuid = {A8E4F30A-89A3-4AB8-AA18-90F71071B766}
	EndGlobalSection
EndGlobal
