
Microsoft Visual Studio Solution File, Format Version 12.00
# Visual Studio Version 16
VisualStudioVersion = 16.0.29806.167
MinimumVisualStudioVersion = 10.0.40219.1
Project("{FAE04EC0-301F-11D3-BF4B-00C04F79EFBC}") = "Project1", "Project1.csproj", "{937221B3-33C7-4687-91CF-3C02E6A038A3}"
EndProject
Global
	GlobalSection(SolutionConfigurationPlatforms) = preSolution
		Debug|Any CPU = Debug|Any CPU
		Release|Any CPU = Release|Any CPU
	EndGlobalSection
	GlobalSection(ProjectConfigurationPlatforms) = postSolution
		{937221B3-33C7-4687-91CF-3C02E6A038A3}.Debug|Any CPU.ActiveCfg = Debug|Any CPU
		{937221B3-33C7-4687-91CF-3C02E6A038A3}.Debug|Any CPU.Build.0 = Debug|Any CPU
		{937221B3-33C7-4687-91CF-3C02E6A038A3}.Release|Any CPU.ActiveCfg = Release|Any CPU
		{937221B3-33C7-4687-91CF-3C02E6A038A3}.Release|Any CPU.Build.0 = Release|Any CPU
	EndGlobalSection
	GlobalSection(SolutionProperties) = preSolution
		HideSolutionNode = FALSE
	EndGlobalSection
	GlobalSection(ExtensibilityGlobals) = postSolution
		SolutionGuid = {85AC9B6E-96E3-42AB-85A3-648F8775EB87}
	EndGlobalSection
EndGlobal
